
Microsoft Visual Studio Solution File, Format Version 12.00
# Visual Studio 15
VisualStudioVersion = 15.0.28307.757
MinimumVisualStudioVersion = 10.0.40219.1
Project("{FAE04EC0-301F-11D3-BF4B-00C04F79EFBC}") = "EstudosAsp", "EstudosAsp\EstudosAsp.csproj", "{D9D98FEB-1CC5-40F3-B37D-B21C8CFB4C1B}"
EndProject
Global
	GlobalSection(SolutionConfigurationPlatforms) = preSolution
		Debug|Any CPU = Debug|Any CPU
		Release|Any CPU = Release|Any CPU
	EndGlobalSection
	GlobalSection(ProjectConfigurationPlatforms) = postSolution
		{D9D98FEB-1CC5-40F3-B37D-B21C8CFB4C1B}.Debug|Any CPU.ActiveCfg = Debug|Any CPU
		{D9D98FEB-1CC5-40F3-B37D-B21C8CFB4C1B}.Debug|Any CPU.Build.0 = Debug|Any CPU
		{D9D98FEB-1CC5-40F3-B37D-B21C8CFB4C1B}.Release|Any CPU.ActiveCfg = Release|Any CPU
		{D9D98FEB-1CC5-40F3-B37D-B21C8CFB4C1B}.Release|Any CPU.Build.0 = Release|Any CPU
	EndGlobalSection
	GlobalSection(SolutionProperties) = preSolution
		HideSolutionNode = FALSE
	EndGlobalSection
	GlobalSection(ExtensibilityGlobals) = postSolution
		SolutionGuid = {E7758872-7DC3-4128-A3C9-B0A05DA87156}
	EndGlobalSection
EndGlobal
